{
    "_readme": [
        "This file locks the dependencies of your project to a known state",
        "Read more about it at http://getcomposer.org/doc/01-basic-usage.md#composer-lock-the-lock-file"
    ],
    "hash": "aa5b0b576738b996fca9ce9139172350",
    "packages": [
        {
            "name": "minond/utilitatis",
            "version": "dev-master",
            "source": {
                "type": "git",
                "url": "https://github.com/minond/Utilitatis.git",
                "reference": "be2c72638110184627ae740f80e6dcbb0c02912e"
            },
            "dist": {
                "type": "zip",
                "url": "https://api.github.com/repos/minond/Utilitatis/zipball/be2c72638110184627ae740f80e6dcbb0c02912e",
                "reference": "be2c72638110184627ae740f80e6dcbb0c02912e",
                "shasum": ""
            },
            "require": {
                "php": ">=5.3.0"
            },
            "type": "library",
            "autoload": {
                "psr-0": {
                    "Efficio": "src/"
                }
            },
            "notification-url": "https://packagist.org/downloads/",
            "authors": [
                {
                    "name": "Marcos Minond",
                    "email": "minond.marcos@gmail.com"
                }
            ],
            "description": "Helper functions and classes",
            "time": "2013-07-26 02:55:45"
        }
    ],
    "packages-dev": [

    ],
    "aliases": [

    ],
    "minimum-stability": "stable",
    "stability-flags": {
        "minond/utilitatis": 20
    },
    "platform": {
        "php": ">=5.3.0"
    },
    "platform-dev": [

    ]
}
