{
    "_readme": [
        "This file locks the dependencies of your project to a known state",
        "Read more about it at http://getcomposer.org/doc/01-basic-usage.md#composer-lock-the-lock-file"
    ],
    "hash": "ea158b700f924b7cc8bd951219115026",
    "packages": [
        {
            "name": "minond/utilitatis",
            "version": "v1.0.1",
            "source": {
                "type": "git",
                "url": "https://github.com/minond/Utilitatis.git",
                "reference": "a9f9c0a1bc87ae3a00c787f964bcf1ad9388784a"
            },
            "dist": {
                "type": "zip",
                "url": "https://api.github.com/repos/minond/Utilitatis/zipball/a9f9c0a1bc87ae3a00c787f964bcf1ad9388784a",
                "reference": "a9f9c0a1bc87ae3a00c787f964bcf1ad9388784a",
                "shasum": ""
            },
            "require": {
                "php": ">=5.4.0"
            },
            "require-dev": {
                "satooshi/php-coveralls": "dev-master"
            },
            "type": "library",
            "autoload": {
                "psr-0": {
                    "Efficio": "src/"
                }
            },
            "notification-url": "https://packagist.org/downloads/",
            "license": [
                "GPL-2.0+"
            ],
            "authors": [
                {
                    "name": "Marcos Minond",
                    "email": "minond.marcos@gmail.com"
                }
            ],
            "description": "Helper functions and classes",
            "time": "2014-02-08 17:39:53"
        }
    ],
    "packages-dev": [

    ],
    "aliases": [

    ],
    "minimum-stability": "stable",
    "stability-flags": [

    ],
    "platform": {
        "php": ">=5.4.0"
    },
    "platform-dev": [

    ]
}
